
Microsoft Visual Studio Solution File, Format Version 12.00
# Visual Studio Version 16
VisualStudioVersion = 16.0.31624.102
MinimumVisualStudioVersion = 10.0.40219.1
Project("{8BC9CEB8-8B4A-11D0-8D11-00A0C91BC942}") = "C_Pro_Exercise", "C_Pro_Exercise.vcxproj", "{901DE66C-169A-4C33-90F7-D2F50C17D459}"
EndProject
Global
	GlobalSection(SolutionConfigurationPlatforms) = preSolution
		Debug|x64 = Debug|x64
		Debug|x86 = Debug|x86
		Release|x64 = Release|x64
		Release|x86 = Release|x86
	EndGlobalSection
	GlobalSection(ProjectConfigurationPlatforms) = postSolution
		{901DE66C-169A-4C33-90F7-D2F50C17D459}.Debug|x64.ActiveCfg = Debug|x64
		{901DE66C-169A-4C33-90F7-D2F50C17D459}.Debug|x64.Build.0 = Debug|x64
		{901DE66C-169A-4C33-90F7-D2F50C17D459}.Debug|x86.ActiveCfg = Debug|Win32
		{901DE66C-169A-4C33-90F7-D2F50C17D459}.Debug|x86.Build.0 = Debug|Win32
		{901DE66C-169A-4C33-90F7-D2F50C17D459}.Release|x64.ActiveCfg = Release|x64
		{901DE66C-169A-4C33-90F7-D2F50C17D459}.Release|x64.Build.0 = Release|x64
		{901DE66C-169A-4C33-90F7-D2F50C17D459}.Release|x86.ActiveCfg = Release|Win32
		{901DE66C-169A-4C33-90F7-D2F50C17D459}.Release|x86.Build.0 = Release|Win32
	EndGlobalSection
	GlobalSection(SolutionProperties) = preSolution
		HideSolutionNode = FALSE
	EndGlobalSection
	GlobalSection(ExtensibilityGlobals) = postSolution
		SolutionGuid = {A94B2ACF-CA12-41DF-A288-D12FCCD0D78A}
	EndGlobalSection
EndGlobal
